
Microsoft Visual Studio Solution File, Format Version 12.00
# Visual Studio Version 17
VisualStudioVersion = 17.7.34024.191
MinimumVisualStudioVersion = 10.0.40219.1
Project("{9A19103F-16F7-4668-BE54-9A1E7A4F7556}") = "LAN_UDP_Com", "LAN_UDP_Com\LAN_UDP_Com.csproj", "{0EE871D3-E66C-4027-9DB8-F658BDD2435D}"
EndProject
Project("{FAE04EC0-301F-11D3-BF4B-00C04F79EFBC}") = "LAN_UDP_Com_Tests", "LAN_UDP_Com_Tests\LAN_UDP_Com_Tests.csproj", "{D9A42A3B-3BE1-4206-89C4-CF60F35CB2B9}"
EndProject
Global
	GlobalSection(SolutionConfigurationPlatforms) = preSolution
		Debug|Any CPU = Debug|Any CPU
		Release|Any CPU = Release|Any CPU
	EndGlobalSection
	GlobalSection(ProjectConfigurationPlatforms) = postSolution
		{0EE871D3-E66C-4027-9DB8-F658BDD2435D}.Debug|Any CPU.ActiveCfg = Debug|Any CPU
		{0EE871D3-E66C-4027-9DB8-F658BDD2435D}.Debug|Any CPU.Build.0 = Debug|Any CPU
		{0EE871D3-E66C-4027-9DB8-F658BDD2435D}.Release|Any CPU.ActiveCfg = Release|Any CPU
		{0EE871D3-E66C-4027-9DB8-F658BDD2435D}.Release|Any CPU.Build.0 = Release|Any CPU
		{D9A42A3B-3BE1-4206-89C4-CF60F35CB2B9}.Debug|Any CPU.ActiveCfg = Debug|Any CPU
		{D9A42A3B-3BE1-4206-89C4-CF60F35CB2B9}.Debug|Any CPU.Build.0 = Debug|Any CPU
		{D9A42A3B-3BE1-4206-89C4-CF60F35CB2B9}.Release|Any CPU.ActiveCfg = Release|Any CPU
		{D9A42A3B-3BE1-4206-89C4-CF60F35CB2B9}.Release|Any CPU.Build.0 = Release|Any CPU
	EndGlobalSection
	GlobalSection(SolutionProperties) = preSolution
		HideSolutionNode = FALSE
	EndGlobalSection
	GlobalSection(ExtensibilityGlobals) = postSolution
		SolutionGuid = {15BD86A0-A6A3-41A6-B8A3-08F4BB72037A}
	EndGlobalSection
EndGlobal
